{
  "name": "queue-cb",
  "version": "1.5.7",
  "lockfileVersion": 3,
  "requires": true,
  "packages": {
    "": {
      "name": "queue-cb",
      "version": "1.5.7",
      "license": "MIT",
      "devDependencies": {
        "@types/asap": "*",
        "@types/mocha": "*",
        "@types/node": "*",
        "asap": "*"
      },
      "engines": {
        "node": ">=0.8"
      }
    },
    "node_modules/@types/asap": {
      "version": "2.0.2",
      "dev": true,
      "license": "MIT"
    },
    "node_modules/@types/mocha": {
      "version": "10.0.10",
      "dev": true,
      "license": "MIT"
    },
    "node_modules/@types/node": {
      "version": "24.9.1",
      "dev": true,
      "license": "MIT",
      "dependencies": {
        "undici-types": "~7.16.0"
      }
    },
    "node_modules/asap": {
      "version": "2.0.6",
      "dev": true,
      "license": "MIT"
    },
    "node_modules/undici-types": {
      "version": "7.16.0",
      "dev": true,
      "license": "MIT"
    }
  }
}
