{
  "name": "queue-cb-performance",
  "version": "0.0.0",
  "lockfileVersion": 3,
  "requires": true,
  "packages": {
    "": {
      "name": "queue-cb-performance",
      "version": "0.0.0",
      "license": "MIT",
      "dependencies": {
        "benchmark-suite": "^1.1.4",
        "queue-cb-1.1.2": "npm:queue-cb@1.4.7"
      },
      "engines": {
        "node": ">=8"
      }
    },
    "node_modules/benchmark-suite": {
      "version": "1.1.4",
      "resolved": "https://registry.npmjs.org/benchmark-suite/-/benchmark-suite-1.1.4.tgz",
      "integrity": "sha512-/jX65j65ChC2hyL1GkfJWY364OzUJMCZXV5UBBcZfcIyUihO/RMs3mcbTNQyb0bSPzpNdh6QdKLHIl4bdpmfKw==",
      "license": "MIT",
      "dependencies": {
        "eventemitter3": "^5.0.1",
        "expose-gc": "^1.0.0",
        "human-format": "^1.2.1",
        "pretty-bytes": "^5.6.0",
        "stats-accumulator": "^1.2.2"
      },
      "engines": {
        "node": ">=8"
      }
    },
    "node_modules/eventemitter3": {
      "version": "5.0.1",
      "resolved": "https://registry.npmjs.org/eventemitter3/-/eventemitter3-5.0.1.tgz",
      "integrity": "sha512-GWkBvjiSZK87ELrYOSESUYeVIc9mvLLf/nXalMOS5dYrgZq9o5OVkbZAVM06CVxYsCwH9BDZFPlQTlPA1j4ahA==",
      "license": "MIT"
    },
    "node_modules/expose-gc": {
      "version": "1.0.0",
      "resolved": "https://registry.npmjs.org/expose-gc/-/expose-gc-1.0.0.tgz",
      "integrity": "sha512-ecOHrdm+zyOCGIwX18/1RHkUWgxDqGGRiGhaNC+42jReTtudbm2ID/DMa/wpaHwqy5YQHPZvsDqRM2F2iZ0uVA==",
      "license": "MIT",
      "engines": {
        "node": ">=4"
      }
    },
    "node_modules/human-format": {
      "version": "1.2.1",
      "resolved": "https://registry.npmjs.org/human-format/-/human-format-1.2.1.tgz",
      "integrity": "sha512-o5Ldz62VWR5lYUZ8aVQaLKiN37NsHnmk3xjMoUjza3mGkk8MvMofgZT0T6HKSCKSJIir+AWk9Dx8KhxvZAUgCg==",
      "license": "ISC",
      "engines": {
        "node": ">=4"
      }
    },
    "node_modules/pretty-bytes": {
      "version": "5.6.0",
      "resolved": "https://registry.npmjs.org/pretty-bytes/-/pretty-bytes-5.6.0.tgz",
      "integrity": "sha512-FFw039TmrBqFK8ma/7OL3sDz/VytdtJr044/QUJtH0wK9lb9jLq9tJyIxUwtQJHwar2BqtiA4iCWSwo9JLkzFg==",
      "license": "MIT",
      "engines": {
        "node": ">=6"
      },
      "funding": {
        "url": "https://github.com/sponsors/sindresorhus"
      }
    },
    "node_modules/queue-cb-1.1.2": {
      "name": "queue-cb",
      "version": "1.4.7",
      "resolved": "https://registry.npmjs.org/queue-cb/-/queue-cb-1.4.7.tgz",
      "integrity": "sha512-3xd5WtzF+coeE9NH0EVfYNBfPn9ANw4UVZC0C3pfuOo620IiWfZyqZF7gLxxlVyJJLmC2N9JVMqZO8rR/k+AIg==",
      "license": "MIT",
      "engines": {
        "node": ">=0.8"
      }
    },
    "node_modules/stats-accumulator": {
      "version": "1.2.2",
      "resolved": "https://registry.npmjs.org/stats-accumulator/-/stats-accumulator-1.2.2.tgz",
      "integrity": "sha512-a4awBIt8cxMV/jESPqi8Jvfeg4HT0XwH416i8TdqSqORX+44li88X5+FUmgePSY4fSSe8Mo8AMOD5dEWD2Ehfg==",
      "license": "MIT",
      "engines": {
        "node": ">=0.8"
      }
    }
  }
}
